
Microsoft Visual Studio Solution File, Format Version 12.00
# Visual Studio Version 16
VisualStudioVersion = 16.0.30114.105
MinimumVisualStudioVersion = 10.0.40219.1
Project("{FAE04EC0-301F-11D3-BF4B-00C04F79EFBC}") = "Viev", "Viev\Viev.csproj", "{88BAA525-2C98-4267-953F-AA60E0AC0957}"
EndProject
Project("{FAE04EC0-301F-11D3-BF4B-00C04F79EFBC}") = "Model", "Model\Model.csproj", "{3040AEE3-16EA-4FC8-9C94-DC4F9DB1A73D}"
EndProject
Project("{FAE04EC0-301F-11D3-BF4B-00C04F79EFBC}") = "Controller", "Controller\Controller.csproj", "{F42799BC-61A7-4ED9-A030-AD3481B781B4}"
EndProject
Global
	GlobalSection(SolutionConfigurationPlatforms) = preSolution
		Debug|Any CPU = Debug|Any CPU
		Release|Any CPU = Release|Any CPU
	EndGlobalSection
	GlobalSection(ProjectConfigurationPlatforms) = postSolution
		{88BAA525-2C98-4267-953F-AA60E0AC0957}.Debug|Any CPU.ActiveCfg = Debug|Any CPU
		{88BAA525-2C98-4267-953F-AA60E0AC0957}.Debug|Any CPU.Build.0 = Debug|Any CPU
		{88BAA525-2C98-4267-953F-AA60E0AC0957}.Release|Any CPU.ActiveCfg = Release|Any CPU
		{88BAA525-2C98-4267-953F-AA60E0AC0957}.Release|Any CPU.Build.0 = Release|Any CPU
		{3040AEE3-16EA-4FC8-9C94-DC4F9DB1A73D}.Debug|Any CPU.ActiveCfg = Debug|Any CPU
		{3040AEE3-16EA-4FC8-9C94-DC4F9DB1A73D}.Debug|Any CPU.Build.0 = Debug|Any CPU
		{3040AEE3-16EA-4FC8-9C94-DC4F9DB1A73D}.Release|Any CPU.ActiveCfg = Release|Any CPU
		{3040AEE3-16EA-4FC8-9C94-DC4F9DB1A73D}.Release|Any CPU.Build.0 = Release|Any CPU
		{F42799BC-61A7-4ED9-A030-AD3481B781B4}.Debug|Any CPU.ActiveCfg = Debug|Any CPU
		{F42799BC-61A7-4ED9-A030-AD3481B781B4}.Debug|Any CPU.Build.0 = Debug|Any CPU
		{F42799BC-61A7-4ED9-A030-AD3481B781B4}.Release|Any CPU.ActiveCfg = Release|Any CPU
		{F42799BC-61A7-4ED9-A030-AD3481B781B4}.Release|Any CPU.Build.0 = Release|Any CPU
	EndGlobalSection
	GlobalSection(SolutionProperties) = preSolution
		HideSolutionNode = FALSE
	EndGlobalSection
	GlobalSection(ExtensibilityGlobals) = postSolution
		SolutionGuid = {BD23A104-CA91-4BC8-9D2F-49D042EC1E05}
	EndGlobalSection
EndGlobal
